
Microsoft Visual Studio Solution File, Format Version 12.00
# Visual Studio 15
VisualStudioVersion = 15.0.28307.1000
MinimumVisualStudioVersion = 10.0.40219.1
Project("{FAE04EC0-301F-11D3-BF4B-00C04F79EFBC}") = "OOPWeek3Lab2", "OOPWeek3Lab2\OOPWeek3Lab2.csproj", "{FA20435D-3759-4958-86DE-B3D91E28BDC2}"
EndProject
Project("{FAE04EC0-301F-11D3-BF4B-00C04F79EFBC}") = "Exercise2", "Exercise2\Exercise2.csproj", "{AE30B403-F689-40B9-B6C7-0D51FBCBA5E0}"
EndProject
Project("{FAE04EC0-301F-11D3-BF4B-00C04F79EFBC}") = "Exercise3", "Exercise3\Exercise3.csproj", "{D60A695B-389A-4085-B826-734D6444E1F5}"
EndProject
Project("{FAE04EC0-301F-11D3-BF4B-00C04F79EFBC}") = "Exercise4", "Exercise4\Exercise4.csproj", "{4F244C37-F258-419F-B264-55919F90D180}"
EndProject
Global
	GlobalSection(SolutionConfigurationPlatforms) = preSolution
		Debug|Any CPU = Debug|Any CPU
		Release|Any CPU = Release|Any CPU
	EndGlobalSection
	GlobalSection(ProjectConfigurationPlatforms) = postSolution
		{FA20435D-3759-4958-86DE-B3D91E28BDC2}.Debug|Any CPU.ActiveCfg = Debug|Any CPU
		{FA20435D-3759-4958-86DE-B3D91E28BDC2}.Debug|Any CPU.Build.0 = Debug|Any CPU
		{FA20435D-3759-4958-86DE-B3D91E28BDC2}.Release|Any CPU.ActiveCfg = Release|Any CPU
		{FA20435D-3759-4958-86DE-B3D91E28BDC2}.Release|Any CPU.Build.0 = Release|Any CPU
		{AE30B403-F689-40B9-B6C7-0D51FBCBA5E0}.Debug|Any CPU.ActiveCfg = Debug|Any CPU
		{AE30B403-F689-40B9-B6C7-0D51FBCBA5E0}.Debug|Any CPU.Build.0 = Debug|Any CPU
		{AE30B403-F689-40B9-B6C7-0D51FBCBA5E0}.Release|Any CPU.ActiveCfg = Release|Any CPU
		{AE30B403-F689-40B9-B6C7-0D51FBCBA5E0}.Release|Any CPU.Build.0 = Release|Any CPU
		{D60A695B-389A-4085-B826-734D6444E1F5}.Debug|Any CPU.ActiveCfg = Debug|Any CPU
		{D60A695B-389A-4085-B826-734D6444E1F5}.Debug|Any CPU.Build.0 = Debug|Any CPU
		{D60A695B-389A-4085-B826-734D6444E1F5}.Release|Any CPU.ActiveCfg = Release|Any CPU
		{D60A695B-389A-4085-B826-734D6444E1F5}.Release|Any CPU.Build.0 = Release|Any CPU
		{4F244C37-F258-419F-B264-55919F90D180}.Debug|Any CPU.ActiveCfg = Debug|Any CPU
		{4F244C37-F258-419F-B264-55919F90D180}.Debug|Any CPU.Build.0 = Debug|Any CPU
		{4F244C37-F258-419F-B264-55919F90D180}.Release|Any CPU.ActiveCfg = Release|Any CPU
		{4F244C37-F258-419F-B264-55919F90D180}.Release|Any CPU.Build.0 = Release|Any CPU
	EndGlobalSection
	GlobalSection(SolutionProperties) = preSolution
		HideSolutionNode = FALSE
	EndGlobalSection
	GlobalSection(ExtensibilityGlobals) = postSolution
		SolutionGuid = {A95B963F-E2D8-4E0A-A30E-5741663AE270}
	EndGlobalSection
EndGlobal
